{
    "name": "vyla-api",
    "version": "2.0.0",
    "lockfileVersion": 3,
    "requires": true,
    "packages": {
        "": {
            "name": "vyla-api",
            "version": "2.0.0",
            "dependencies": {
                "libsodium-wrappers": "^0.7.15",
                "tweetnacl": "^1.0.3"
            }
        },
        "node_modules/libsodium": {
            "version": "0.7.16",
            "resolved": "https://registry.npmjs.org/libsodium/-/libsodium-0.7.16.tgz",
            "integrity": "sha512-3HrzSPuzm6Yt9aTYCDxYEG8x8/6C0+ag655Y7rhhWZM9PT4NpdnbqlzXhGZlDnkgR6MeSTnOt/VIyHLs9aSf+Q==",
            "license": "ISC"
        },
        "node_modules/libsodium-wrappers": {
            "version": "0.7.16",
            "resolved": "https://registry.npmjs.org/libsodium-wrappers/-/libsodium-wrappers-0.7.16.tgz",
            "integrity": "sha512-Gtr/WBx4dKjvRL1pvfwZqu7gO6AfrQ0u9vFL+kXihtHf6NfkROR8pjYWn98MFDI3jN19Ii1ZUfPR9afGiPyfHg==",
            "license": "ISC",
            "dependencies": {
                "libsodium": "^0.7.16"
            }
        },
        "node_modules/tweetnacl": {
            "version": "1.0.3",
            "resolved": "https://registry.npmjs.org/tweetnacl/-/tweetnacl-1.0.3.tgz",
            "integrity": "sha512-6rt+RN7aOi1nGMyC4Xa5DdYiukl2UWCbcJft7YhxReBGQD7OAM8Pbxw6YMo4r2diNEA8FEmu32YOn9rhaiE5yw==",
            "license": "Unlicense"
        }
    }
}
